
Microsoft Visual Studio Solution File, Format Version 12.00
# Visual Studio 15
VisualStudioVersion = 15.0.27703.2035
MinimumVisualStudioVersion = 10.0.40219.1
Project("{FAE04EC0-301F-11D3-BF4B-00C04F79EFBC}") = "ProjetoSomarUI", "ProjetoSomarUI\ProjetoSomarUI.csproj", "{8B10E78B-57C0-46EF-B660-0EEA7B90044B}"
EndProject
Project("{FAE04EC0-301F-11D3-BF4B-00C04F79EFBC}") = "Somar.DTO", "Somar.DTO\Somar.DTO.csproj", "{9E18DEC3-9BEA-4701-AD20-3F59304C4D86}"
EndProject
Project("{FAE04EC0-301F-11D3-BF4B-00C04F79EFBC}") = "Somar.BLL", "Somar.BLL\Somar.BLL.csproj", "{366C2712-8E88-4A08-8504-271942E254DA}"
EndProject
Project("{FAE04EC0-301F-11D3-BF4B-00C04F79EFBC}") = "Somar.DAL", "Somar.DAL\Somar.DAL.csproj", "{29C27DB5-A2AB-40AF-BBC3-A090DF41273C}"
EndProject
Project("{FAE04EC0-301F-11D3-BF4B-00C04F79EFBC}") = "Somar.Shared", "Somar.Shared\Somar.Shared.csproj", "{C2119B43-6A1D-415E-8AC0-B5A03BDE3822}"
EndProject
Global
	GlobalSection(SolutionConfigurationPlatforms) = preSolution
		Debug|Any CPU = Debug|Any CPU
		Release|Any CPU = Release|Any CPU
	EndGlobalSection
	GlobalSection(ProjectConfigurationPlatforms) = postSolution
		{8B10E78B-57C0-46EF-B660-0EEA7B90044B}.Debug|Any CPU.ActiveCfg = Debug|Any CPU
		{8B10E78B-57C0-46EF-B660-0EEA7B90044B}.Debug|Any CPU.Build.0 = Debug|Any CPU
		{8B10E78B-57C0-46EF-B660-0EEA7B90044B}.Release|Any CPU.ActiveCfg = Release|Any CPU
		{8B10E78B-57C0-46EF-B660-0EEA7B90044B}.Release|Any CPU.Build.0 = Release|Any CPU
		{9E18DEC3-9BEA-4701-AD20-3F59304C4D86}.Debug|Any CPU.ActiveCfg = Debug|Any CPU
		{9E18DEC3-9BEA-4701-AD20-3F59304C4D86}.Debug|Any CPU.Build.0 = Debug|Any CPU
		{9E18DEC3-9BEA-4701-AD20-3F59304C4D86}.Release|Any CPU.ActiveCfg = Release|Any CPU
		{9E18DEC3-9BEA-4701-AD20-3F59304C4D86}.Release|Any CPU.Build.0 = Release|Any CPU
		{366C2712-8E88-4A08-8504-271942E254DA}.Debug|Any CPU.ActiveCfg = Debug|Any CPU
		{366C2712-8E88-4A08-8504-271942E254DA}.Debug|Any CPU.Build.0 = Debug|Any CPU
		{366C2712-8E88-4A08-8504-271942E254DA}.Release|Any CPU.ActiveCfg = Release|Any CPU
		{366C2712-8E88-4A08-8504-271942E254DA}.Release|Any CPU.Build.0 = Release|Any CPU
		{29C27DB5-A2AB-40AF-BBC3-A090DF41273C}.Debug|Any CPU.ActiveCfg = Debug|Any CPU
		{29C27DB5-A2AB-40AF-BBC3-A090DF41273C}.Debug|Any CPU.Build.0 = Debug|Any CPU
		{29C27DB5-A2AB-40AF-BBC3-A090DF41273C}.Release|Any CPU.ActiveCfg = Release|Any CPU
		{29C27DB5-A2AB-40AF-BBC3-A090DF41273C}.Release|Any CPU.Build.0 = Release|Any CPU
		{C2119B43-6A1D-415E-8AC0-B5A03BDE3822}.Debug|Any CPU.ActiveCfg = Debug|Any CPU
		{C2119B43-6A1D-415E-8AC0-B5A03BDE3822}.Debug|Any CPU.Build.0 = Debug|Any CPU
		{C2119B43-6A1D-415E-8AC0-B5A03BDE3822}.Release|Any CPU.ActiveCfg = Release|Any CPU
		{C2119B43-6A1D-415E-8AC0-B5A03BDE3822}.Release|Any CPU.Build.0 = Release|Any CPU
	EndGlobalSection
	GlobalSection(SolutionProperties) = preSolution
		HideSolutionNode = FALSE
	EndGlobalSection
	GlobalSection(ExtensibilityGlobals) = postSolution
		SolutionGuid = {219D460D-9AC9-4C1B-B5B0-5008B37DE924}
	EndGlobalSection
EndGlobal
